
Microsoft Visual Studio Solution File, Format Version 12.00
# Visual Studio Version 16
VisualStudioVersion = 16.0.30804.86
MinimumVisualStudioVersion = 10.0.40219.1
Project("{FAE04EC0-301F-11D3-BF4B-00C04F79EFBC}") = "Chapter1Klassen", "Chapter1Klassen\Chapter1Klassen.csproj", "{FE5577D7-77A8-4124-AFBE-2FD29BF91A72}"
EndProject
Global
	GlobalSection(SolutionConfigurationPlatforms) = preSolution
		Debug|Any CPU = Debug|Any CPU
		Release|Any CPU = Release|Any CPU
	EndGlobalSection
	GlobalSection(ProjectConfigurationPlatforms) = postSolution
		{FE5577D7-77A8-4124-AFBE-2FD29BF91A72}.Debug|Any CPU.ActiveCfg = Debug|Any CPU
		{FE5577D7-77A8-4124-AFBE-2FD29BF91A72}.Debug|Any CPU.Build.0 = Debug|Any CPU
		{FE5577D7-77A8-4124-AFBE-2FD29BF91A72}.Release|Any CPU.ActiveCfg = Release|Any CPU
		{FE5577D7-77A8-4124-AFBE-2FD29BF91A72}.Release|Any CPU.Build.0 = Release|Any CPU
	EndGlobalSection
	GlobalSection(SolutionProperties) = preSolution
		HideSolutionNode = FALSE
	EndGlobalSection
	GlobalSection(ExtensibilityGlobals) = postSolution
		SolutionGuid = {C89EE320-6D30-40F9-8427-B74DF839559A}
	EndGlobalSection
EndGlobal
